
Microsoft Visual Studio Solution File, Format Version 12.00
# Visual Studio Version 17
VisualStudioVersion = 17.0.32014.148
MinimumVisualStudioVersion = 10.0.40219.1
Project("{2150E333-8FDC-42A3-9474-1A3956D46DE8}") = "Services", "Services", "{5A296C26-FE9E-4E8E-BB99-C67CB195C09C}"
EndProject
Project("{2150E333-8FDC-42A3-9474-1A3956D46DE8}") = "Catalog", "Catalog", "{40373788-5242-4AAC-B597-24DA07B5ADE9}"
EndProject
Project("{9A19103F-16F7-4668-BE54-9A1E7A4F7556}") = "Catalog.Api", "Services\Catalog\Catalog.Api\Catalog.Api.csproj", "{9D061549-7A57-40F6-B789-41984A8DFC64}"
EndProject
Project("{E53339B2-1760-4266-BCC7-CA923CBCF16C}") = "docker-compose", "docker-compose.dcproj", "{9273885A-782B-4131-86E6-F4294D5EF197}"
EndProject
Global
	GlobalSection(SolutionConfigurationPlatforms) = preSolution
		Debug|Any CPU = Debug|Any CPU
		Release|Any CPU = Release|Any CPU
	EndGlobalSection
	GlobalSection(ProjectConfigurationPlatforms) = postSolution
		{9D061549-7A57-40F6-B789-41984A8DFC64}.Debug|Any CPU.ActiveCfg = Debug|Any CPU
		{9D061549-7A57-40F6-B789-41984A8DFC64}.Debug|Any CPU.Build.0 = Debug|Any CPU
		{9D061549-7A57-40F6-B789-41984A8DFC64}.Release|Any CPU.ActiveCfg = Release|Any CPU
		{9D061549-7A57-40F6-B789-41984A8DFC64}.Release|Any CPU.Build.0 = Release|Any CPU
		{9273885A-782B-4131-86E6-F4294D5EF197}.Debug|Any CPU.ActiveCfg = Debug|Any CPU
		{9273885A-782B-4131-86E6-F4294D5EF197}.Debug|Any CPU.Build.0 = Debug|Any CPU
		{9273885A-782B-4131-86E6-F4294D5EF197}.Release|Any CPU.ActiveCfg = Release|Any CPU
		{9273885A-782B-4131-86E6-F4294D5EF197}.Release|Any CPU.Build.0 = Release|Any CPU
	EndGlobalSection
	GlobalSection(SolutionProperties) = preSolution
		HideSolutionNode = FALSE
	EndGlobalSection
	GlobalSection(NestedProjects) = preSolution
		{40373788-5242-4AAC-B597-24DA07B5ADE9} = {5A296C26-FE9E-4E8E-BB99-C67CB195C09C}
		{9D061549-7A57-40F6-B789-41984A8DFC64} = {40373788-5242-4AAC-B597-24DA07B5ADE9}
	EndGlobalSection
	GlobalSection(ExtensibilityGlobals) = postSolution
		SolutionGuid = {6EB227F4-85CF-4D9C-8F41-66C993532508}
	EndGlobalSection
EndGlobal
