
Microsoft Visual Studio Solution File, Format Version 12.00
# Visual Studio Version 17
VisualStudioVersion = 17.0.32014.148
MinimumVisualStudioVersion = 10.0.40219.1
Project("{2150E333-8FDC-42A3-9474-1A3956D46DE8}") = "Services", "Services", "{5A296C26-FE9E-4E8E-BB99-C67CB195C09C}"
EndProject
Project("{2150E333-8FDC-42A3-9474-1A3956D46DE8}") = "Catalog", "Catalog", "{40373788-5242-4AAC-B597-24DA07B5ADE9}"
EndProject
Project("{9A19103F-16F7-4668-BE54-9A1E7A4F7556}") = "Catalog.Api", "Services\Catalog\Catalog.Api\Catalog.Api.csproj", "{9D061549-7A57-40F6-B789-41984A8DFC64}"
EndProject
Project("{E53339B2-1760-4266-BCC7-CA923CBCF16C}") = "docker-compose", "docker-compose.dcproj", "{9273885A-782B-4131-86E6-F4294D5EF197}"
EndProject
Project("{2150E333-8FDC-42A3-9474-1A3956D46DE8}") = "Basket", "Basket", "{BC4BB24D-54B8-4746-A1CB-02AE58001379}"
EndProject
Project("{9A19103F-16F7-4668-BE54-9A1E7A4F7556}") = "Basket.Api", "Services\Basket\Basket.Api\Basket.Api.csproj", "{A0BB02CD-0810-4801-8FF3-57ECFCBB5F3A}"
EndProject
Project("{2150E333-8FDC-42A3-9474-1A3956D46DE8}") = "Discount", "Discount", "{F999B4F8-F9C4-49A9-BB43-C3C06201C0BA}"
EndProject
Project("{9A19103F-16F7-4668-BE54-9A1E7A4F7556}") = "Discount.Api", "Services\Discount\Discount.Api\Discount.Api.csproj", "{89DA50DD-740F-46F9-B859-BD0742D924E6}"
EndProject
Project("{9A19103F-16F7-4668-BE54-9A1E7A4F7556}") = "Discount.Grpc", "Services\Discount\Discount.Grpc\Discount.Grpc.csproj", "{457A41ED-63A1-425A-B710-662C6D18F6E8}"
EndProject
Project("{2150E333-8FDC-42A3-9474-1A3956D46DE8}") = "Ordering", "Ordering", "{A73E8942-E9C6-4BCC-9786-C84495A560DC}"
EndProject
Project("{9A19103F-16F7-4668-BE54-9A1E7A4F7556}") = "Ordering.Domain", "Services\Ordering\Ordering.Domain\Ordering.Domain.csproj", "{A023C6D4-6F68-49EB-8E9E-6CBBB26D2FDC}"
EndProject
Project("{9A19103F-16F7-4668-BE54-9A1E7A4F7556}") = "Ordering.Application", "Services\Ordering\Ordering.Application\Ordering.Application.csproj", "{0F99DE91-F72D-46A0-9CE9-3F5A8755C4D0}"
EndProject
Project("{9A19103F-16F7-4668-BE54-9A1E7A4F7556}") = "Ordering.Infrastructure", "Services\Ordering\Ordering.Infrastructure\Ordering.Infrastructure.csproj", "{B2EC9E34-DC88-4F59-8D2B-E7A9AF5C53AE}"
EndProject
Project("{9A19103F-16F7-4668-BE54-9A1E7A4F7556}") = "Ordering.Api", "Services\Ordering\Ordering.Api\Ordering.Api.csproj", "{BD83E074-607B-44D0-AFF4-D4F55E117C4A}"
EndProject
Global
	GlobalSection(SolutionConfigurationPlatforms) = preSolution
		Debug|Any CPU = Debug|Any CPU
		Release|Any CPU = Release|Any CPU
	EndGlobalSection
	GlobalSection(ProjectConfigurationPlatforms) = postSolution
		{9D061549-7A57-40F6-B789-41984A8DFC64}.Debug|Any CPU.ActiveCfg = Debug|Any CPU
		{9D061549-7A57-40F6-B789-41984A8DFC64}.Debug|Any CPU.Build.0 = Debug|Any CPU
		{9D061549-7A57-40F6-B789-41984A8DFC64}.Release|Any CPU.ActiveCfg = Release|Any CPU
		{9D061549-7A57-40F6-B789-41984A8DFC64}.Release|Any CPU.Build.0 = Release|Any CPU
		{9273885A-782B-4131-86E6-F4294D5EF197}.Debug|Any CPU.ActiveCfg = Debug|Any CPU
		{9273885A-782B-4131-86E6-F4294D5EF197}.Debug|Any CPU.Build.0 = Debug|Any CPU
		{9273885A-782B-4131-86E6-F4294D5EF197}.Release|Any CPU.ActiveCfg = Release|Any CPU
		{9273885A-782B-4131-86E6-F4294D5EF197}.Release|Any CPU.Build.0 = Release|Any CPU
		{A0BB02CD-0810-4801-8FF3-57ECFCBB5F3A}.Debug|Any CPU.ActiveCfg = Debug|Any CPU
		{A0BB02CD-0810-4801-8FF3-57ECFCBB5F3A}.Debug|Any CPU.Build.0 = Debug|Any CPU
		{A0BB02CD-0810-4801-8FF3-57ECFCBB5F3A}.Release|Any CPU.ActiveCfg = Release|Any CPU
		{A0BB02CD-0810-4801-8FF3-57ECFCBB5F3A}.Release|Any CPU.Build.0 = Release|Any CPU
		{89DA50DD-740F-46F9-B859-BD0742D924E6}.Debug|Any CPU.ActiveCfg = Debug|Any CPU
		{89DA50DD-740F-46F9-B859-BD0742D924E6}.Debug|Any CPU.Build.0 = Debug|Any CPU
		{89DA50DD-740F-46F9-B859-BD0742D924E6}.Release|Any CPU.ActiveCfg = Release|Any CPU
		{89DA50DD-740F-46F9-B859-BD0742D924E6}.Release|Any CPU.Build.0 = Release|Any CPU
		{457A41ED-63A1-425A-B710-662C6D18F6E8}.Debug|Any CPU.ActiveCfg = Debug|Any CPU
		{457A41ED-63A1-425A-B710-662C6D18F6E8}.Debug|Any CPU.Build.0 = Debug|Any CPU
		{457A41ED-63A1-425A-B710-662C6D18F6E8}.Release|Any CPU.ActiveCfg = Release|Any CPU
		{457A41ED-63A1-425A-B710-662C6D18F6E8}.Release|Any CPU.Build.0 = Release|Any CPU
		{A023C6D4-6F68-49EB-8E9E-6CBBB26D2FDC}.Debug|Any CPU.ActiveCfg = Debug|Any CPU
		{A023C6D4-6F68-49EB-8E9E-6CBBB26D2FDC}.Debug|Any CPU.Build.0 = Debug|Any CPU
		{A023C6D4-6F68-49EB-8E9E-6CBBB26D2FDC}.Release|Any CPU.ActiveCfg = Release|Any CPU
		{A023C6D4-6F68-49EB-8E9E-6CBBB26D2FDC}.Release|Any CPU.Build.0 = Release|Any CPU
		{0F99DE91-F72D-46A0-9CE9-3F5A8755C4D0}.Debug|Any CPU.ActiveCfg = Debug|Any CPU
		{0F99DE91-F72D-46A0-9CE9-3F5A8755C4D0}.Debug|Any CPU.Build.0 = Debug|Any CPU
		{0F99DE91-F72D-46A0-9CE9-3F5A8755C4D0}.Release|Any CPU.ActiveCfg = Release|Any CPU
		{0F99DE91-F72D-46A0-9CE9-3F5A8755C4D0}.Release|Any CPU.Build.0 = Release|Any CPU
		{B2EC9E34-DC88-4F59-8D2B-E7A9AF5C53AE}.Debug|Any CPU.ActiveCfg = Debug|Any CPU
		{B2EC9E34-DC88-4F59-8D2B-E7A9AF5C53AE}.Debug|Any CPU.Build.0 = Debug|Any CPU
		{B2EC9E34-DC88-4F59-8D2B-E7A9AF5C53AE}.Release|Any CPU.ActiveCfg = Release|Any CPU
		{B2EC9E34-DC88-4F59-8D2B-E7A9AF5C53AE}.Release|Any CPU.Build.0 = Release|Any CPU
		{BD83E074-607B-44D0-AFF4-D4F55E117C4A}.Debug|Any CPU.ActiveCfg = Debug|Any CPU
		{BD83E074-607B-44D0-AFF4-D4F55E117C4A}.Debug|Any CPU.Build.0 = Debug|Any CPU
		{BD83E074-607B-44D0-AFF4-D4F55E117C4A}.Release|Any CPU.ActiveCfg = Release|Any CPU
		{BD83E074-607B-44D0-AFF4-D4F55E117C4A}.Release|Any CPU.Build.0 = Release|Any CPU
	EndGlobalSection
	GlobalSection(SolutionProperties) = preSolution
		HideSolutionNode = FALSE
	EndGlobalSection
	GlobalSection(NestedProjects) = preSolution
		{40373788-5242-4AAC-B597-24DA07B5ADE9} = {5A296C26-FE9E-4E8E-BB99-C67CB195C09C}
		{9D061549-7A57-40F6-B789-41984A8DFC64} = {40373788-5242-4AAC-B597-24DA07B5ADE9}
		{BC4BB24D-54B8-4746-A1CB-02AE58001379} = {5A296C26-FE9E-4E8E-BB99-C67CB195C09C}
		{A0BB02CD-0810-4801-8FF3-57ECFCBB5F3A} = {BC4BB24D-54B8-4746-A1CB-02AE58001379}
		{F999B4F8-F9C4-49A9-BB43-C3C06201C0BA} = {5A296C26-FE9E-4E8E-BB99-C67CB195C09C}
		{89DA50DD-740F-46F9-B859-BD0742D924E6} = {F999B4F8-F9C4-49A9-BB43-C3C06201C0BA}
		{457A41ED-63A1-425A-B710-662C6D18F6E8} = {F999B4F8-F9C4-49A9-BB43-C3C06201C0BA}
		{A73E8942-E9C6-4BCC-9786-C84495A560DC} = {5A296C26-FE9E-4E8E-BB99-C67CB195C09C}
		{A023C6D4-6F68-49EB-8E9E-6CBBB26D2FDC} = {A73E8942-E9C6-4BCC-9786-C84495A560DC}
		{0F99DE91-F72D-46A0-9CE9-3F5A8755C4D0} = {A73E8942-E9C6-4BCC-9786-C84495A560DC}
		{B2EC9E34-DC88-4F59-8D2B-E7A9AF5C53AE} = {A73E8942-E9C6-4BCC-9786-C84495A560DC}
		{BD83E074-607B-44D0-AFF4-D4F55E117C4A} = {A73E8942-E9C6-4BCC-9786-C84495A560DC}
	EndGlobalSection
	GlobalSection(ExtensibilityGlobals) = postSolution
		SolutionGuid = {6EB227F4-85CF-4D9C-8F41-66C993532508}
	EndGlobalSection
EndGlobal
